{
  "lockfileVersion": 1,
  "configVersion": 0,
  "workspaces": {
    "": {
      "name": "epeius-testnet",
      "dependencies": {
        "@openzeppelin/contracts": "5.0.2",
        "@pancakeswap/v3-core": "1.0.2",
        "@pancakeswap/v3-periphery": "1.0.2",
      },
    },
  },
  "packages": {
    "@openzeppelin/contracts": ["@openzeppelin/contracts@5.0.2", "", {}, "sha512-ytPc6eLGcHHnapAZ9S+5qsdomhjo6QBHTDRRBFfTxXIpsicMhVPouPgmUPebZZZGX7vt9USA+Z+0M0dSVtSUEA=="],

    "@openzeppelin/contracts-upgradeable": ["@openzeppelin/contracts-upgradeable@3.4.2-solc-0.7", "", {}, "sha512-I5iKKS8U9L1XdSxsNAIBQekN0U9hTgdleoyntIdR7Jy3U/z/NZ/1oUM0v5HnUMrmn/bXLvYL94rBvaLF++Ndnw=="],

    "@pancakeswap/v3-core": ["@pancakeswap/v3-core@1.0.2", "", {}, "sha512-9aZU8I1J6SbZOSW7NcNxuyaAC17tGkOaZJM9aJgvl6MMUOExpq0i0EC/jc3HxWbpC8sbZL+8eG544NEJs8CS+w=="],

    "@pancakeswap/v3-periphery": ["@pancakeswap/v3-periphery@1.0.2", "", { "dependencies": { "@openzeppelin/contracts": "3.4.2-solc-0.7", "@openzeppelin/contracts-upgradeable": "3.4.2-solc-0.7", "@uniswap/lib": "^4.0.1-alpha", "@uniswap/v2-core": "1.0.1", "base64-sol": "1.0.1" } }, "sha512-kWQhJsAG5Ij1cubKlX0JuJ3GEPFiPBR+NQt77SxHNjk62eallLyfbWJYk2NMnTO0crbjBFO5GKKQAXfp2n76vg=="],

    "@uniswap/lib": ["@uniswap/lib@4.0.1-alpha", "", {}, "sha512-f6UIliwBbRsgVLxIaBANF6w09tYqc6Y/qXdsrbEmXHyFA7ILiKrIwRFXe1yOg8M3cksgVsO9N7yuL2DdCGQKBA=="],

    "@uniswap/v2-core": ["@uniswap/v2-core@1.0.1", "", {}, "sha512-MtybtkUPSyysqLY2U210NBDeCHX+ltHt3oADGdjqoThZaFRDKwM6k1Nb3F0A3hk5hwuQvytFWhrWHOEq6nVJ8Q=="],

    "base64-sol": ["base64-sol@1.0.1", "", {}, "sha512-ld3cCNMeXt4uJXmLZBHFGMvVpK9KsLVEhPpFRXnvSVAqABKbuNZg/+dsq3NuM+wxFLb/UrVkz7m1ciWmkMfTbg=="],

    "@pancakeswap/v3-periphery/@openzeppelin/contracts": ["@openzeppelin/contracts@3.4.2-solc-0.7", "", {}, "sha512-W6QmqgkADuFcTLzHL8vVoNBtkwjvQRpYIAom7KiUNoLKghyx3FgH0GBjt8NRvigV1ZmMOBllvE1By1C+bi8WpA=="],
  }
}
